
Microsoft Visual Studio Solution File, Format Version 12.00
# Visual Studio Version 17
VisualStudioVersion = 17.7.34202.233
MinimumVisualStudioVersion = 10.0.40219.1
Project("{FAE04EC0-301F-11D3-BF4B-00C04F79EFBC}") = "Today", "Today\Today.csproj", "{66312AF6-6100-4053-A8A8-AA5EC5C99D01}"
EndProject
Global
	GlobalSection(SolutionConfigurationPlatforms) = preSolution
		Debug|Any CPU = Debug|Any CPU
		Release|Any CPU = Release|Any CPU
	EndGlobalSection
	GlobalSection(ProjectConfigurationPlatforms) = postSolution
		{66312AF6-6100-4053-A8A8-AA5EC5C99D01}.Debug|Any CPU.ActiveCfg = Debug|Any CPU
		{66312AF6-6100-4053-A8A8-AA5EC5C99D01}.Debug|Any CPU.Build.0 = Debug|Any CPU
		{66312AF6-6100-4053-A8A8-AA5EC5C99D01}.Release|Any CPU.ActiveCfg = Release|Any CPU
		{66312AF6-6100-4053-A8A8-AA5EC5C99D01}.Release|Any CPU.Build.0 = Release|Any CPU
	EndGlobalSection
	GlobalSection(SolutionProperties) = preSolution
		HideSolutionNode = FALSE
	EndGlobalSection
	GlobalSection(ExtensibilityGlobals) = postSolution
		SolutionGuid = {06A1B65E-2FCB-4D00-BC56-C02046BEEC1F}
	EndGlobalSection
EndGlobal
